
Microsoft Visual Studio Solution File, Format Version 12.00
# Visual Studio Version 16
VisualStudioVersion = 16.0.29519.87
MinimumVisualStudioVersion = 10.0.40219.1
Project("{FAE04EC0-301F-11D3-BF4B-00C04F79EFBC}") = "ARCLManager_QueueJobManager_Demo", "ARCLManager_QueueJobManager_Demo\ARCLManager_QueueJobManager_Demo.csproj", "{2C1481AC-C281-4FAC-8178-1C97CB04CA26}"
EndProject
Global
	GlobalSection(SolutionConfigurationPlatforms) = preSolution
		Debug|Any CPU = Debug|Any CPU
		Local Release|Any CPU = Local Release|Any CPU
		Release|Any CPU = Release|Any CPU
	EndGlobalSection
	GlobalSection(ProjectConfigurationPlatforms) = postSolution
		{2C1481AC-C281-4FAC-8178-1C97CB04CA26}.Debug|Any CPU.ActiveCfg = Debug|Any CPU
		{2C1481AC-C281-4FAC-8178-1C97CB04CA26}.Debug|Any CPU.Build.0 = Debug|Any CPU
		{2C1481AC-C281-4FAC-8178-1C97CB04CA26}.Local Release|Any CPU.ActiveCfg = Release|Any CPU
		{2C1481AC-C281-4FAC-8178-1C97CB04CA26}.Local Release|Any CPU.Build.0 = Release|Any CPU
		{2C1481AC-C281-4FAC-8178-1C97CB04CA26}.Release|Any CPU.ActiveCfg = Release|Any CPU
		{2C1481AC-C281-4FAC-8178-1C97CB04CA26}.Release|Any CPU.Build.0 = Release|Any CPU
	EndGlobalSection
	GlobalSection(SolutionProperties) = preSolution
		HideSolutionNode = FALSE
	EndGlobalSection
	GlobalSection(ExtensibilityGlobals) = postSolution
		SolutionGuid = {40A611AC-7EAF-4746-BD52-A82801187705}
	EndGlobalSection
EndGlobal
